// !$*UTF8*$!
{
	archiveVersion = 1;
	classes = {
	};
	objectVersion = 50;
	objects = {

/* Begin PBXBuildFile section */
		7013068321E6DB77004A703A /* AppDelegate.swift in Sources */ = {isa = PBXBuildFile; fileRef = 7013068221E6DB77004A703A /* AppDelegate.swift */; };
		7013068521E6DB77004A703A /* ViewController.swift in Sources */ = {isa = PBXBuildFile; fileRef = 7013068421E6DB77004A703A /* ViewController.swift */; };
		7013068821E6DB77004A703A /* Main.storyboard in Resources */ = {isa = PBXBuildFile; fileRef = 7013068621E6DB77004A703A /* Main.storyboard */; };
		7013068A21E6DB78004A703A /* Assets.xcassets in Resources */ = {isa = PBXBuildFile; fileRef = 7013068921E6DB78004A703A /* Assets.xcassets */; };
		7013068D21E6DB78004A703A /* LaunchScreen.storyboard in Resources */ = {isa = PBXBuildFile; fileRef = 7013068B21E6DB78004A703A /* LaunchScreen.storyboard */; };
		7013069821E6DB78004A703A /* helloiosUITests.swift in Sources */ = {isa = PBXBuildFile; fileRef = 7013069721E6DB78004A703A /* helloiosUITests.swift */; };
/* End PBXBuildFile section */

/* Begin PBXContainerItemProxy section */
		7013069421E6DB78004A703A /* PBXContainerItemProxy */ = {
			isa = PBXContainerItemProxy;
			containerPortal = 7013067721E6DB76004A703A /* Project object */;
			proxyType = 1;
			remoteGlobalIDString = 7013067E21E6DB77004A703A;
			remoteInfo = helloios;
		};
/* End PBXContainerItemProxy section */

/* Begin PBXFileReference section */
		7013067F21E6DB77004A703A /* helloios.app */ = {isa = PBXFileReference; explicitFileType = wrapper.application; includeInIndex = 0; path = helloios.app; sourceTree = BUILT_PRODUCTS_DIR; };
		7013068221E6DB77004A703A /* AppDelegate.swift */ = {isa = PBXFileReference; lastKnownFileType = sourcecode.swift; path = AppDelegate.swift; sourceTree = "<group>"; };
		7013068421E6DB77004A703A /* ViewController.swift */ = {isa = PBXFileReference; lastKnownFileType = sourcecode.swift; path = ViewController.swift; sourceTree = "<group>"; };
		7013068721E6DB77004A703A /* Base */ = {isa = PBXFileReference; lastKnownFileType = file.storyboard; name = Base; path = Base.lproj/Main.storyboard; sourceTree = "<group>"; };
		7013068921E6DB78004A703A /* Assets.xcassets */ = {isa = PBXFileReference; lastKnownFileType = folder.assetcatalog; path = Assets.xcassets; sourceTree = "<group>"; };
		7013068C21E6DB78004A703A /* Base */ = {isa = PBXFileReference; lastKnownFileType = file.storyboard; name = Base; path = Base.lproj/LaunchScreen.storyboard; sourceTree = "<group>"; };
		7013068E21E6DB78004A703A /* Info.plist */ = {isa = PBXFileReference; lastKnownFileType = text.plist.xml; path = Info.plist; sourceTree = "<group>"; };
		7013069321E6DB78004A703A /* helloiosUITests.xctest */ = {isa = PBXFileReference; explicitFileType = wrapper.cfbundle; includeInIndex = 0; path = helloiosUITests.xctest; sourceTree = BUILT_PRODUCTS_DIR; };
		7013069721E6DB78004A703A /* helloiosUITests.swift */ = {isa = PBXFileReference; lastKnownFileType = sourcecode.swift; path = helloiosUITests.swift; sourceTree = "<group>"; };
		7013069921E6DB78004A703A /* Info.plist */ = {isa = PBXFileReference; lastKnownFileType = text.plist.xml; path = Info.plist; sourceTree = "<group>"; };
/* End PBXFileReference section */

/* Begin PBXFrameworksBuildPhase section */
		7013067C21E6DB77004A703A /* Frameworks */ = {
			isa = PBXFrameworksBuildPhase;
			buildActionMask = 2147483647;
			files = (
			);
			runOnlyForDeploymentPostprocessing = 0;
		};
		7013069021E6DB78004A703A /* Frameworks */ = {
			isa = PBXFrameworksBuildPhase;
			buildActionMask = 2147483647;
			files = (
			);
			runOnlyForDeploymentPostprocessing = 0;
		};
/* End PBXFrameworksBuildPhase section */

/* Begin PBXGroup section */
		7013067621E6DB76004A703A = {
			isa = PBXGroup;
			children = (
				7013068121E6DB77004A703A /* helloios */,
				7013069621E6DB78004A703A /* helloiosUITests */,
				7013068021E6DB77004A703A /* Products */,
			);
			sourceTree = "<group>";
		};
		7013068021E6DB77004A703A /* Products */ = {
			isa = PBXGroup;
			children = (
				7013067F21E6DB77004A703A /* helloios.app */,
				7013069321E6DB78004A703A /* helloiosUITests.xctest */,
			);
			name = Products;
			sourceTree = "<group>";
		};
		7013068121E6DB77004A703A /* helloios */ = {
			isa = PBXGroup;
			children = (
				7013068221E6DB77004A703A /* AppDelegate.swift */,
				7013068421E6DB77004A703A /* ViewController.swift */,
				7013068621E6DB77004A703A /* Main.storyboard */,
				7013068921E6DB78004A703A /* Assets.xcassets */,
				7013068B21E6DB78004A703A /* LaunchScreen.storyboard */,
				7013068E21E6DB78004A703A /* Info.plist */,
			);
			path = helloios;
			sourceTree = "<group>";
		};
		7013069621E6DB78004A703A /* helloiosUITests */ = {
			isa = PBXGroup;
			children = (
				7013069721E6DB78004A703A /* helloiosUITests.swift */,
				7013069921E6DB78004A703A /* Info.plist */,
			);
			path = helloiosUITests;
			sourceTree = "<group>";
		};
/* End PBXGroup section */

/* Begin PBXNativeTarget section */
		7013067E21E6DB77004A703A /* helloios */ = {
			isa = PBXNativeTarget;
			buildConfigurationList = 7013069C21E6DB78004A703A /* Build configuration list for PBXNativeTarget "helloios" */;
			buildPhases = (
				7013067B21E6DB77004A703A /* Sources */,
				7013067C21E6DB77004A703A /* Frameworks */,
				7013067D21E6DB77004A703A /* Resources */,
			);
			buildRules = (
			);
			dependencies = (
			);
			name = helloios;
			productName = helloios;
			productReference = 7013067F21E6DB77004A703A /* helloios.app */;
			productType = "com.apple.product-type.application";
		};
		7013069221E6DB78004A703A /* helloiosUITests */ = {
			isa = PBXNativeTarget;
			buildConfigurationList = 7013069F21E6DB78004A703A /* Build configuration list for PBXNativeTarget "helloiosUITests" */;
			buildPhases = (
				7013068F21E6DB78004A703A /* Sources */,
				7013069021E6DB78004A703A /* Frameworks */,
				7013069121E6DB78004A703A /* Resources */,
			);
			buildRules = (
			);
			dependencies = (
				7013069521E6DB78004A703A /* PBXTargetDependency */,
			);
			name = helloiosUITests;
			productName = helloiosUITests;
			productReference = 7013069321E6DB78004A703A /* helloiosUITests.xctest */;
			productType = "com.apple.product-type.bundle.ui-testing";
		};
/* End PBXNativeTarget section */

/* Begin PBXProject section */
		7013067721E6DB76004A703A /* Project object */ = {
			isa = PBXProject;
			attributes = {
				LastSwiftUpdateCheck = 1010;
				LastUpgradeCheck = 1010;
				ORGANIZATIONNAME = "Jacques DeBar";
				TargetAttributes = {
					7013067E21E6DB77004A703A = {
						CreatedOnToolsVersion = 10.1;
					};
					7013069221E6DB78004A703A = {
						CreatedOnToolsVersion = 10.1;
						TestTargetID = 7013067E21E6DB77004A703A;
					};
				};
			};
			buildConfigurationList = 7013067A21E6DB76004A703A /* Build configuration list for PBXProject "helloios" */;
			compatibilityVersion = "Xcode 9.3";
			developmentRegion = en;
			hasScannedForEncodings = 0;
			knownRegions = (
				en,
				Base,
			);
			mainGroup = 7013067621E6DB76004A703A;
			productRefGroup = 7013068021E6DB77004A703A /* Products */;
			projectDirPath = "";
			projectRoot = "";
			targets = (
				7013067E21E6DB77004A703A /* helloios */,
				7013069221E6DB78004A703A /* helloiosUITests */,
			);
		};
/* End PBXProject section */

/* Begin PBXResourcesBuildPhase section */
		7013067D21E6DB77004A703A /* Resources */ = {
			isa = PBXResourcesBuildPhase;
			buildActionMask = 2147483647;
			files = (
				7013068D21E6DB78004A703A /* LaunchScreen.storyboard in Resources */,
				7013068A21E6DB78004A703A /* Assets.xcassets in Resources */,
				7013068821E6DB77004A703A /* Main.storyboard in Resources */,
			);
			runOnlyForDeploymentPostprocessing = 0;
		};
		7013069121E6DB78004A703A /* Resources */ = {
			isa = PBXResourcesBuildPhase;
			buildActionMask = 2147483647;
			files = (
			);
			runOnlyForDeploymentPostprocessing = 0;
		};
/* End PBXResourcesBuildPhase section */

/* Begin PBXSourcesBuildPhase section */
		7013067B21E6DB77004A703A /* Sources */ = {
			isa = PBXSourcesBuildPhase;
			buildActionMask = 2147483647;
			files = (
				7013068521E6DB77004A703A /* ViewController.swift in Sources */,
				7013068321E6DB77004A703A /* AppDelegate.swift in Sources */,
			);
			runOnlyForDeploymentPostprocessing = 0;
		};
		7013068F21E6DB78004A703A /* Sources */ = {
			isa = PBXSourcesBuildPhase;
			buildActionMask = 2147483647;
			files = (
				7013069821E6DB78004A703A /* helloiosUITests.swift in Sources */,
			);
			runOnlyForDeploymentPostprocessing = 0;
		};
/* End PBXSourcesBuildPhase section */

/* Begin PBXTargetDependency section */
		7013069521E6DB78004A703A /* PBXTargetDependency */ = {
			isa = PBXTargetDependency;
			target = 7013067E21E6DB77004A703A /* helloios */;
			targetProxy = 7013069421E6DB78004A703A /* PBXContainerItemProxy */;
		};
/* End PBXTargetDependency section */

/* Begin PBXVariantGroup section */
		7013068621E6DB77004A703A /* Main.storyboard */ = {
			isa = PBXVariantGroup;
			children = (
				7013068721E6DB77004A703A /* Base */,
			);
			name = Main.storyboard;
			sourceTree = "<group>";
		};
		7013068B21E6DB78004A703A /* LaunchScreen.storyboard */ = {
			isa = PBXVariantGroup;
			children = (
				7013068C21E6DB78004A703A /* Base */,
			);
			name = LaunchScreen.storyboard;
			sourceTree = "<group>";
		};
/* End PBXVariantGroup section */

/* Begin XCBuildConfiguration section */
		7013069A21E6DB78004A703A /* Debug */ = {
			isa = XCBuildConfiguration;
			buildSettings = {
				ALWAYS_SEARCH_USER_PATHS = NO;
				CLANG_ANALYZER_NONNULL = YES;
				CLANG_ANALYZER_NUMBER_OBJECT_CONVERSION = YES_AGGRESSIVE;
				CLANG_CXX_LANGUAGE_STANDARD = "gnu++14";
				CLANG_CXX_LIBRARY = "libc++";
				CLANG_ENABLE_MODULES = YES;
				CLANG_ENABLE_OBJC_ARC = YES;
				CLANG_ENABLE_OBJC_WEAK = YES;
				CLANG_WARN_BLOCK_CAPTURE_AUTORELEASING = YES;
				CLANG_WARN_BOOL_CONVERSION = YES;
				CLANG_WARN_COMMA = YES;
				CLANG_WARN_CONSTANT_CONVERSION = YES;
				CLANG_WARN_DEPRECATED_OBJC_IMPLEMENTATIONS = YES;
				CLANG_WARN_DIRECT_OBJC_ISA_USAGE = YES_ERROR;
				CLANG_WARN_DOCUMENTATION_COMMENTS = YES;
				CLANG_WARN_EMPTY_BODY = YES;
				CLANG_WARN_ENUM_CONVERSION = YES;
				CLANG_WARN_INFINITE_RECURSION = YES;
				CLANG_WARN_INT_CONVERSION = YES;
				CLANG_WARN_NON_LITERAL_NULL_CONVERSION = YES;
				CLANG_WARN_OBJC_IMPLICIT_RETAIN_SELF = YES;
				CLANG_WARN_OBJC_LITERAL_CONVERSION = YES;
				CLANG_WARN_OBJC_ROOT_CLASS = YES_ERROR;
				CLANG_WARN_RANGE_LOOP_ANALYSIS = YES;
				CLANG_WARN_STRICT_PROTOTYPES = YES;
				CLANG_WARN_SUSPICIOUS_MOVE = YES;
				CLANG_WARN_UNGUARDED_AVAILABILITY = YES_AGGRESSIVE;
				CLANG_WARN_UNREACHABLE_CODE = YES;
				CLANG_WARN__DUPLICATE_METHOD_MATCH = YES;
				CODE_SIGN_IDENTITY = "iPhone Developer";
				COPY_PHASE_STRIP = NO;
				DEBUG_INFORMATION_FORMAT = dwarf;
				ENABLE_STRICT_OBJC_MSGSEND = YES;
				ENABLE_TESTABILITY = YES;
				GCC_C_LANGUAGE_STANDARD = gnu11;
				GCC_DYNAMIC_NO_PIC = NO;
				GCC_NO_COMMON_BLOCKS = YES;
				GCC_OPTIMIZATION_LEVEL = 0;
				GCC_PREPROCESSOR_DEFINITIONS = (
					"DEBUG=1",
					"$(inherited)",
				);
				GCC_WARN_64_TO_32_BIT_CONVERSION = YES;
				GCC_WARN_ABOUT_RETURN_TYPE = YES_ERROR;
				GCC_WARN_UNDECLARED_SELECTOR = YES;
				GCC_WARN_UNINITIALIZED_AUTOS = YES_AGGRESSIVE;
				GCC_WARN_UNUSED_FUNCTION = YES;
				GCC_WARN_UNUSED_VARIABLE = YES;
				IPHONEOS_DEPLOYMENT_TARGET = 12.1;
				MTL_ENABLE_DEBUG_INFO = INCLUDE_SOURCE;
				MTL_FAST_MATH = YES;
				ONLY_ACTIVE_ARCH = YES;
				SDKROOT = iphoneos;
				SWIFT_ACTIVE_COMPILATION_CONDITIONS = DEBUG;
				SWIFT_OPTIMIZATION_LEVEL = "-Onone";
			};
			name = Debug;
		};
		7013069B21E6DB78004A703A /* Release */ = {
			isa = XCBuildConfiguration;
			buildSettings = {
				ALWAYS_SEARCH_USER_PATHS = NO;
				CLANG_ANALYZER_NONNULL = YES;
				CLANG_ANALYZER_NUMBER_OBJECT_CONVERSION = YES_AGGRESSIVE;
				CLANG_CXX_LANGUAGE_STANDARD = "gnu++14";
				CLANG_CXX_LIBRARY = "libc++";
				CLANG_ENABLE_MODULES = YES;
				CLANG_ENABLE_OBJC_ARC = YES;
				CLANG_ENABLE_OBJC_WEAK = YES;
				CLANG_WARN_BLOCK_CAPTURE_AUTORELEASING = YES;
				CLANG_WARN_BOOL_CONVERSION = YES;
				CLANG_WARN_COMMA = YES;
				CLANG_WARN_CONSTANT_CONVERSION = YES;
				CLANG_WARN_DEPRECATED_OBJC_IMPLEMENTATIONS = YES;
				CLANG_WARN_DIRECT_OBJC_ISA_USAGE = YES_ERROR;
				CLANG_WARN_DOCUMENTATION_COMMENTS = YES;
				CLANG_WARN_EMPTY_BODY = YES;
				CLANG_WARN_ENUM_CONVERSION = YES;
				CLANG_WARN_INFINITE_RECURSION = YES;
				CLANG_WARN_INT_CONVERSION = YES;
				CLANG_WARN_NON_LITERAL_NULL_CONVERSION = YES;
				CLANG_WARN_OBJC_IMPLICIT_RETAIN_SELF = YES;
				CLANG_WARN_OBJC_LITERAL_CONVERSION = YES;
				CLANG_WARN_OBJC_ROOT_CLASS = YES_ERROR;
				CLANG_WARN_RANGE_LOOP_ANALYSIS = YES;
				CLANG_WARN_STRICT_PROTOTYPES = YES;
				CLANG_WARN_SUSPICIOUS_MOVE = YES;
				CLANG_WARN_UNGUARDED_AVAILABILITY = YES_AGGRESSIVE;
				CLANG_WARN_UNREACHABLE_CODE = YES;
				CLANG_WARN__DUPLICATE_METHOD_MATCH = YES;
				CODE_SIGN_IDENTITY = "iPhone Developer";
				COPY_PHASE_STRIP = NO;
				DEBUG_INFORMATION_FORMAT = "dwarf-with-dsym";
				ENABLE_NS_ASSERTIONS = NO;
				ENABLE_STRICT_OBJC_MSGSEND = YES;
				GCC_C_LANGUAGE_STANDARD = gnu11;
				GCC_NO_COMMON_BLOCKS = YES;
				GCC_WARN_64_TO_32_BIT_CONVERSION = YES;
				GCC_WARN_ABOUT_RETURN_TYPE = YES_ERROR;
				GCC_WARN_UNDECLARED_SELECTOR = YES;
				GCC_WARN_UNINITIALIZED_AUTOS = YES_AGGRESSIVE;
				GCC_WARN_UNUSED_FUNCTION = YES;
				GCC_WARN_UNUSED_VARIABLE = YES;
				IPHONEOS_DEPLOYMENT_TARGET = 12.1;
				MTL_ENABLE_DEBUG_INFO = NO;
				MTL_FAST_MATH = YES;
				SDKROOT = iphoneos;
				SWIFT_COMPILATION_MODE = wholemodule;
				SWIFT_OPTIMIZATION_LEVEL = "-O";
				VALIDATE_PRODUCT = YES;
			};
			name = Release;
		};
		7013069D21E6DB78004A703A /* Debug */ = {
			isa = XCBuildConfiguration;
			buildSettings = {
				ASSETCATALOG_COMPILER_APPICON_NAME = AppIcon;
				CODE_SIGN_STYLE = Automatic;
				INFOPLIST_FILE = helloios/Info.plist;
				LD_RUNPATH_SEARCH_PATHS = (
					"$(inherited)",
					"@executable_path/Frameworks",
				);
				PRODUCT_BUNDLE_IDENTIFIER = com.jacquesdebar.helloios;
				PRODUCT_NAME = "$(TARGET_NAME)";
				SWIFT_VERSION = 4.2;
				TARGETED_DEVICE_FAMILY = "1,2";
			};
			name = Debug;
		};
		7013069E21E6DB78004A703A /* Release */ = {
			isa = XCBuildConfiguration;
			buildSettings = {
				ASSETCATALOG_COMPILER_APPICON_NAME = AppIcon;
				CODE_SIGN_STYLE = Automatic;
				INFOPLIST_FILE = helloios/Info.plist;
				LD_RUNPATH_SEARCH_PATHS = (
					"$(inherited)",
					"@executable_path/Frameworks",
				);
				PRODUCT_BUNDLE_IDENTIFIER = com.jacquesdebar.helloios;
				PRODUCT_NAME = "$(TARGET_NAME)";
				SWIFT_VERSION = 4.2;
				TARGETED_DEVICE_FAMILY = "1,2";
			};
			name = Release;
		};
		701306A021E6DB78004A703A /* Debug */ = {
			isa = XCBuildConfiguration;
			buildSettings = {
				ALWAYS_EMBED_SWIFT_STANDARD_LIBRARIES = YES;
				CODE_SIGN_STYLE = Automatic;
				INFOPLIST_FILE = helloiosUITests/Info.plist;
				LD_RUNPATH_SEARCH_PATHS = (
					"$(inherited)",
					"@executable_path/Frameworks",
					"@loader_path/Frameworks",
				);
				PRODUCT_BUNDLE_IDENTIFIER = com.jacquesdebar.helloiosUITests;
				PRODUCT_NAME = "$(TARGET_NAME)";
				SWIFT_VERSION = 4.2;
				TARGETED_DEVICE_FAMILY = "1,2";
				TEST_TARGET_NAME = helloios;
			};
			name = Debug;
		};
		701306A121E6DB78004A703A /* Release */ = {
			isa = XCBuildConfiguration;
			buildSettings = {
				ALWAYS_EMBED_SWIFT_STANDARD_LIBRARIES = YES;
				CODE_SIGN_STYLE = Automatic;
				INFOPLIST_FILE = helloiosUITests/Info.plist;
				LD_RUNPATH_SEARCH_PATHS = (
					"$(inherited)",
					"@executable_path/Frameworks",
					"@loader_path/Frameworks",
				);
				PRODUCT_BUNDLE_IDENTIFIER = com.jacquesdebar.helloiosUITests;
				PRODUCT_NAME = "$(TARGET_NAME)";
				SWIFT_VERSION = 4.2;
				TARGETED_DEVICE_FAMILY = "1,2";
				TEST_TARGET_NAME = helloios;
			};
			name = Release;
		};
/* End XCBuildConfiguration section */

/* Begin XCConfigurationList section */
		7013067A21E6DB76004A703A /* Build configuration list for PBXProject "helloios" */ = {
			isa = XCConfigurationList;
			buildConfigurations = (
				7013069A21E6DB78004A703A /* Debug */,
				7013069B21E6DB78004A703A /* Release */,
			);
			defaultConfigurationIsVisible = 0;
			defaultConfigurationName = Release;
		};
		7013069C21E6DB78004A703A /* Build configuration list for PBXNativeTarget "helloios" */ = {
			isa = XCConfigurationList;
			buildConfigurations = (
				7013069D21E6DB78004A703A /* Debug */,
				7013069E21E6DB78004A703A /* Release */,
			);
			defaultConfigurationIsVisible = 0;
			defaultConfigurationName = Release;
		};
		7013069F21E6DB78004A703A /* Build configuration list for PBXNativeTarget "helloiosUITests" */ = {
			isa = XCConfigurationList;
			buildConfigurations = (
				701306A021E6DB78004A703A /* Debug */,
				701306A121E6DB78004A703A /* Release */,
			);
			defaultConfigurationIsVisible = 0;
			defaultConfigurationName = Release;
		};
/* End XCConfigurationList section */
	};
	rootObject = 7013067721E6DB76004A703A /* Project object */;
}
